// !$*UTF8*$!
{
	archiveVersion = 1;
	classes = {
	};
	objectVersion = 50;
	objects = {

/* Begin PBXBuildFile section */
		F125580223FF806F00CAF125 /* AppDelegate.swift in Sources */ = {isa = PBXBuildFile; fileRef = F125580123FF806F00CAF125 /* AppDelegate.swift */; };
		F125580423FF806F00CAF125 /* SceneDelegate.swift in Sources */ = {isa = PBXBuildFile; fileRef = F125580323FF806F00CAF125 /* SceneDelegate.swift */; };
		F125580623FF806F00CAF125 /* ViewController.swift in Sources */ = {isa = PBXBuildFile; fileRef = F125580523FF806F00CAF125 /* ViewController.swift */; };
		F125580923FF806F00CAF125 /* Main.storyboard in Resources */ = {isa = PBXBuildFile; fileRef = F125580723FF806F00CAF125 /* Main.storyboard */; };
		F125580B23FF807000CAF125 /* Assets.xcassets in Resources */ = {isa = PBXBuildFile; fileRef = F125580A23FF807000CAF125 /* Assets.xcassets */; };
		F125580E23FF807000CAF125 /* LaunchScreen.storyboard in Resources */ = {isa = PBXBuildFile; fileRef = F125580C23FF807000CAF125 /* LaunchScreen.storyboard */; };
		F125581923FF807000CAF125 /* ParstagramTests.swift in Sources */ = {isa = PBXBuildFile; fileRef = F125581823FF807000CAF125 /* ParstagramTests.swift */; };
		F125582423FF807000CAF125 /* ParstagramUITests.swift in Sources */ = {isa = PBXBuildFile; fileRef = F125582323FF807000CAF125 /* ParstagramUITests.swift */; };
/* End PBXBuildFile section */

/* Begin PBXContainerItemProxy section */
		F125581523FF807000CAF125 /* PBXContainerItemProxy */ = {
			isa = PBXContainerItemProxy;
			containerPortal = F12557F623FF806F00CAF125 /* Project object */;
			proxyType = 1;
			remoteGlobalIDString = F12557FD23FF806F00CAF125;
			remoteInfo = Parstagram;
		};
		F125582023FF807000CAF125 /* PBXContainerItemProxy */ = {
			isa = PBXContainerItemProxy;
			containerPortal = F12557F623FF806F00CAF125 /* Project object */;
			proxyType = 1;
			remoteGlobalIDString = F12557FD23FF806F00CAF125;
			remoteInfo = Parstagram;
		};
/* End PBXContainerItemProxy section */

/* Begin PBXFileReference section */
		F12557FE23FF806F00CAF125 /* Parstagram.app */ = {isa = PBXFileReference; explicitFileType = wrapper.application; includeInIndex = 0; path = Parstagram.app; sourceTree = BUILT_PRODUCTS_DIR; };
		F125580123FF806F00CAF125 /* AppDelegate.swift */ = {isa = PBXFileReference; lastKnownFileType = sourcecode.swift; path = AppDelegate.swift; sourceTree = "<group>"; };
		F125580323FF806F00CAF125 /* SceneDelegate.swift */ = {isa = PBXFileReference; lastKnownFileType = sourcecode.swift; path = SceneDelegate.swift; sourceTree = "<group>"; };
		F125580523FF806F00CAF125 /* ViewController.swift */ = {isa = PBXFileReference; lastKnownFileType = sourcecode.swift; path = ViewController.swift; sourceTree = "<group>"; };
		F125580823FF806F00CAF125 /* Base */ = {isa = PBXFileReference; lastKnownFileType = file.storyboard; name = Base; path = Base.lproj/Main.storyboard; sourceTree = "<group>"; };
		F125580A23FF807000CAF125 /* Assets.xcassets */ = {isa = PBXFileReference; lastKnownFileType = folder.assetcatalog; path = Assets.xcassets; sourceTree = "<group>"; };
		F125580D23FF807000CAF125 /* Base */ = {isa = PBXFileReference; lastKnownFileType = file.storyboard; name = Base; path = Base.lproj/LaunchScreen.storyboard; sourceTree = "<group>"; };
		F125580F23FF807000CAF125 /* Info.plist */ = {isa = PBXFileReference; lastKnownFileType = text.plist.xml; path = Info.plist; sourceTree = "<group>"; };
		F125581423FF807000CAF125 /* ParstagramTests.xctest */ = {isa = PBXFileReference; explicitFileType = wrapper.cfbundle; includeInIndex = 0; path = ParstagramTests.xctest; sourceTree = BUILT_PRODUCTS_DIR; };
		F125581823FF807000CAF125 /* ParstagramTests.swift */ = {isa = PBXFileReference; lastKnownFileType = sourcecode.swift; path = ParstagramTests.swift; sourceTree = "<group>"; };
		F125581A23FF807000CAF125 /* Info.plist */ = {isa = PBXFileReference; lastKnownFileType = text.plist.xml; path = Info.plist; sourceTree = "<group>"; };
		F125581F23FF807000CAF125 /* ParstagramUITests.xctest */ = {isa = PBXFileReference; explicitFileType = wrapper.cfbundle; includeInIndex = 0; path = ParstagramUITests.xctest; sourceTree = BUILT_PRODUCTS_DIR; };
		F125582323FF807000CAF125 /* ParstagramUITests.swift */ = {isa = PBXFileReference; lastKnownFileType = sourcecode.swift; path = ParstagramUITests.swift; sourceTree = "<group>"; };
		F125582523FF807000CAF125 /* Info.plist */ = {isa = PBXFileReference; lastKnownFileType = text.plist.xml; path = Info.plist; sourceTree = "<group>"; };
/* End PBXFileReference section */

/* Begin PBXFrameworksBuildPhase section */
		F12557FB23FF806F00CAF125 /* Frameworks */ = {
			isa = PBXFrameworksBuildPhase;
			buildActionMask = 2147483647;
			files = (
			);
			runOnlyForDeploymentPostprocessing = 0;
		};
		F125581123FF807000CAF125 /* Frameworks */ = {
			isa = PBXFrameworksBuildPhase;
			buildActionMask = 2147483647;
			files = (
			);
			runOnlyForDeploymentPostprocessing = 0;
		};
		F125581C23FF807000CAF125 /* Frameworks */ = {
			isa = PBXFrameworksBuildPhase;
			buildActionMask = 2147483647;
			files = (
			);
			runOnlyForDeploymentPostprocessing = 0;
		};
/* End PBXFrameworksBuildPhase section */

/* Begin PBXGroup section */
		F12557F523FF806F00CAF125 = {
			isa = PBXGroup;
			children = (
				F125580023FF806F00CAF125 /* Parstagram */,
				F125581723FF807000CAF125 /* ParstagramTests */,
				F125582223FF807000CAF125 /* ParstagramUITests */,
				F12557FF23FF806F00CAF125 /* Products */,
			);
			sourceTree = "<group>";
		};
		F12557FF23FF806F00CAF125 /* Products */ = {
			isa = PBXGroup;
			children = (
				F12557FE23FF806F00CAF125 /* Parstagram.app */,
				F125581423FF807000CAF125 /* ParstagramTests.xctest */,
				F125581F23FF807000CAF125 /* ParstagramUITests.xctest */,
			);
			name = Products;
			sourceTree = "<group>";
		};
		F125580023FF806F00CAF125 /* Parstagram */ = {
			isa = PBXGroup;
			children = (
				F125580123FF806F00CAF125 /* AppDelegate.swift */,
				F125580323FF806F00CAF125 /* SceneDelegate.swift */,
				F125580523FF806F00CAF125 /* ViewController.swift */,
				F125580723FF806F00CAF125 /* Main.storyboard */,
				F125580A23FF807000CAF125 /* Assets.xcassets */,
				F125580C23FF807000CAF125 /* LaunchScreen.storyboard */,
				F125580F23FF807000CAF125 /* Info.plist */,
			);
			path = Parstagram;
			sourceTree = "<group>";
		};
		F125581723FF807000CAF125 /* ParstagramTests */ = {
			isa = PBXGroup;
			children = (
				F125581823FF807000CAF125 /* ParstagramTests.swift */,
				F125581A23FF807000CAF125 /* Info.plist */,
			);
			path = ParstagramTests;
			sourceTree = "<group>";
		};
		F125582223FF807000CAF125 /* ParstagramUITests */ = {
			isa = PBXGroup;
			children = (
				F125582323FF807000CAF125 /* ParstagramUITests.swift */,
				F125582523FF807000CAF125 /* Info.plist */,
			);
			path = ParstagramUITests;
			sourceTree = "<group>";
		};
/* End PBXGroup section */

/* Begin PBXNativeTarget section */
		F12557FD23FF806F00CAF125 /* Parstagram */ = {
			isa = PBXNativeTarget;
			buildConfigurationList = F125582823FF807000CAF125 /* Build configuration list for PBXNativeTarget "Parstagram" */;
			buildPhases = (
				F12557FA23FF806F00CAF125 /* Sources */,
				F12557FB23FF806F00CAF125 /* Frameworks */,
				F12557FC23FF806F00CAF125 /* Resources */,
			);
			buildRules = (
			);
			dependencies = (
			);
			name = Parstagram;
			productName = Parstagram;
			productReference = F12557FE23FF806F00CAF125 /* Parstagram.app */;
			productType = "com.apple.product-type.application";
		};
		F125581323FF807000CAF125 /* ParstagramTests */ = {
			isa = PBXNativeTarget;
			buildConfigurationList = F125582B23FF807000CAF125 /* Build configuration list for PBXNativeTarget "ParstagramTests" */;
			buildPhases = (
				F125581023FF807000CAF125 /* Sources */,
				F125581123FF807000CAF125 /* Frameworks */,
				F125581223FF807000CAF125 /* Resources */,
			);
			buildRules = (
			);
			dependencies = (
				F125581623FF807000CAF125 /* PBXTargetDependency */,
			);
			name = ParstagramTests;
			productName = ParstagramTests;
			productReference = F125581423FF807000CAF125 /* ParstagramTests.xctest */;
			productType = "com.apple.product-type.bundle.unit-test";
		};
		F125581E23FF807000CAF125 /* ParstagramUITests */ = {
			isa = PBXNativeTarget;
			buildConfigurationList = F125582E23FF807000CAF125 /* Build configuration list for PBXNativeTarget "ParstagramUITests" */;
			buildPhases = (
				F125581B23FF807000CAF125 /* Sources */,
				F125581C23FF807000CAF125 /* Frameworks */,
				F125581D23FF807000CAF125 /* Resources */,
			);
			buildRules = (
			);
			dependencies = (
				F125582123FF807000CAF125 /* PBXTargetDependency */,
			);
			name = ParstagramUITests;
			productName = ParstagramUITests;
			productReference = F125581F23FF807000CAF125 /* ParstagramUITests.xctest */;
			productType = "com.apple.product-type.bundle.ui-testing";
		};
/* End PBXNativeTarget section */

/* Begin PBXProject section */
		F12557F623FF806F00CAF125 /* Project object */ = {
			isa = PBXProject;
			attributes = {
				LastSwiftUpdateCheck = 1130;
				LastUpgradeCheck = 1130;
				ORGANIZATIONNAME = "Victoria Edeeva";
				TargetAttributes = {
					F12557FD23FF806F00CAF125 = {
						CreatedOnToolsVersion = 11.3.1;
					};
					F125581323FF807000CAF125 = {
						CreatedOnToolsVersion = 11.3.1;
						TestTargetID = F12557FD23FF806F00CAF125;
					};
					F125581E23FF807000CAF125 = {
						CreatedOnToolsVersion = 11.3.1;
						TestTargetID = F12557FD23FF806F00CAF125;
					};
				};
			};
			buildConfigurationList = F12557F923FF806F00CAF125 /* Build configuration list for PBXProject "Parstagram" */;
			compatibilityVersion = "Xcode 9.3";
			developmentRegion = en;
			hasScannedForEncodings = 0;
			knownRegions = (
				en,
				Base,
			);
			mainGroup = F12557F523FF806F00CAF125;
			productRefGroup = F12557FF23FF806F00CAF125 /* Products */;
			projectDirPath = "";
			projectRoot = "";
			targets = (
				F12557FD23FF806F00CAF125 /* Parstagram */,
				F125581323FF807000CAF125 /* ParstagramTests */,
				F125581E23FF807000CAF125 /* ParstagramUITests */,
			);
		};
/* End PBXProject section */

/* Begin PBXResourcesBuildPhase section */
		F12557FC23FF806F00CAF125 /* Resources */ = {
			isa = PBXResourcesBuildPhase;
			buildActionMask = 2147483647;
			files = (
				F125580E23FF807000CAF125 /* LaunchScreen.storyboard in Resources */,
				F125580B23FF807000CAF125 /* Assets.xcassets in Resources */,
				F125580923FF806F00CAF125 /* Main.storyboard in Resources */,
			);
			runOnlyForDeploymentPostprocessing = 0;
		};
		F125581223FF807000CAF125 /* Resources */ = {
			isa = PBXResourcesBuildPhase;
			buildActionMask = 2147483647;
			files = (
			);
			runOnlyForDeploymentPostprocessing = 0;
		};
		F125581D23FF807000CAF125 /* Resources */ = {
			isa = PBXResourcesBuildPhase;
			buildActionMask = 2147483647;
			files = (
			);
			runOnlyForDeploymentPostprocessing = 0;
		};
/* End PBXResourcesBuildPhase section */

/* Begin PBXSourcesBuildPhase section */
		F12557FA23FF806F00CAF125 /* Sources */ = {
			isa = PBXSourcesBuildPhase;
			buildActionMask = 2147483647;
			files = (
				F125580623FF806F00CAF125 /* ViewController.swift in Sources */,
				F125580223FF806F00CAF125 /* AppDelegate.swift in Sources */,
				F125580423FF806F00CAF125 /* SceneDelegate.swift in Sources */,
			);
			runOnlyForDeploymentPostprocessing = 0;
		};
		F125581023FF807000CAF125 /* Sources */ = {
			isa = PBXSourcesBuildPhase;
			buildActionMask = 2147483647;
			files = (
				F125581923FF807000CAF125 /* ParstagramTests.swift in Sources */,
			);
			runOnlyForDeploymentPostprocessing = 0;
		};
		F125581B23FF807000CAF125 /* Sources */ = {
			isa = PBXSourcesBuildPhase;
			buildActionMask = 2147483647;
			files = (
				F125582423FF807000CAF125 /* ParstagramUITests.swift in Sources */,
			);
			runOnlyForDeploymentPostprocessing = 0;
		};
/* End PBXSourcesBuildPhase section */

/* Begin PBXTargetDependency section */
		F125581623FF807000CAF125 /* PBXTargetDependency */ = {
			isa = PBXTargetDependency;
			target = F12557FD23FF806F00CAF125 /* Parstagram */;
			targetProxy = F125581523FF807000CAF125 /* PBXContainerItemProxy */;
		};
		F125582123FF807000CAF125 /* PBXTargetDependency */ = {
			isa = PBXTargetDependency;
			target = F12557FD23FF806F00CAF125 /* Parstagram */;
			targetProxy = F125582023FF807000CAF125 /* PBXContainerItemProxy */;
		};
/* End PBXTargetDependency section */

/* Begin PBXVariantGroup section */
		F125580723FF806F00CAF125 /* Main.storyboard */ = {
			isa = PBXVariantGroup;
			children = (
				F125580823FF806F00CAF125 /* Base */,
			);
			name = Main.storyboard;
			sourceTree = "<group>";
		};
		F125580C23FF807000CAF125 /* LaunchScreen.storyboard */ = {
			isa = PBXVariantGroup;
			children = (
				F125580D23FF807000CAF125 /* Base */,
			);
			name = LaunchScreen.storyboard;
			sourceTree = "<group>";
		};
/* End PBXVariantGroup section */

/* Begin XCBuildConfiguration section */
		F125582623FF807000CAF125 /* Debug */ = {
			isa = XCBuildConfiguration;
			buildSettings = {
				ALWAYS_SEARCH_USER_PATHS = NO;
				CLANG_ANALYZER_NONNULL = YES;
				CLANG_ANALYZER_NUMBER_OBJECT_CONVERSION = YES_AGGRESSIVE;
				CLANG_CXX_LANGUAGE_STANDARD = "gnu++14";
				CLANG_CXX_LIBRARY = "libc++";
				CLANG_ENABLE_MODULES = YES;
				CLANG_ENABLE_OBJC_ARC = YES;
				CLANG_ENABLE_OBJC_WEAK = YES;
				CLANG_WARN_BLOCK_CAPTURE_AUTORELEASING = YES;
				CLANG_WARN_BOOL_CONVERSION = YES;
				CLANG_WARN_COMMA = YES;
				CLANG_WARN_CONSTANT_CONVERSION = YES;
				CLANG_WARN_DEPRECATED_OBJC_IMPLEMENTATIONS = YES;
				CLANG_WARN_DIRECT_OBJC_ISA_USAGE = YES_ERROR;
				CLANG_WARN_DOCUMENTATION_COMMENTS = YES;
				CLANG_WARN_EMPTY_BODY = YES;
				CLANG_WARN_ENUM_CONVERSION = YES;
				CLANG_WARN_INFINITE_RECURSION = YES;
				CLANG_WARN_INT_CONVERSION = YES;
				CLANG_WARN_NON_LITERAL_NULL_CONVERSION = YES;
				CLANG_WARN_OBJC_IMPLICIT_RETAIN_SELF = YES;
				CLANG_WARN_OBJC_LITERAL_CONVERSION = YES;
				CLANG_WARN_OBJC_ROOT_CLASS = YES_ERROR;
				CLANG_WARN_RANGE_LOOP_ANALYSIS = YES;
				CLANG_WARN_STRICT_PROTOTYPES = YES;
				CLANG_WARN_SUSPICIOUS_MOVE = YES;
				CLANG_WARN_UNGUARDED_AVAILABILITY = YES_AGGRESSIVE;
				CLANG_WARN_UNREACHABLE_CODE = YES;
				CLANG_WARN__DUPLICATE_METHOD_MATCH = YES;
				COPY_PHASE_STRIP = NO;
				DEBUG_INFORMATION_FORMAT = dwarf;
				ENABLE_STRICT_OBJC_MSGSEND = YES;
				ENABLE_TESTABILITY = YES;
				GCC_C_LANGUAGE_STANDARD = gnu11;
				GCC_DYNAMIC_NO_PIC = NO;
				GCC_NO_COMMON_BLOCKS = YES;
				GCC_OPTIMIZATION_LEVEL = 0;
				GCC_PREPROCESSOR_DEFINITIONS = (
					"DEBUG=1",
					"$(inherited)",
				);
				GCC_WARN_64_TO_32_BIT_CONVERSION = YES;
				GCC_WARN_ABOUT_RETURN_TYPE = YES_ERROR;
				GCC_WARN_UNDECLARED_SELECTOR = YES;
				GCC_WARN_UNINITIALIZED_AUTOS = YES_AGGRESSIVE;
				GCC_WARN_UNUSED_FUNCTION = YES;
				GCC_WARN_UNUSED_VARIABLE = YES;
				IPHONEOS_DEPLOYMENT_TARGET = 13.2;
				MTL_ENABLE_DEBUG_INFO = INCLUDE_SOURCE;
				MTL_FAST_MATH = YES;
				ONLY_ACTIVE_ARCH = YES;
				SDKROOT = iphoneos;
				SWIFT_ACTIVE_COMPILATION_CONDITIONS = DEBUG;
				SWIFT_OPTIMIZATION_LEVEL = "-Onone";
			};
			name = Debug;
		};
		F125582723FF807000CAF125 /* Release */ = {
			isa = XCBuildConfiguration;
			buildSettings = {
				ALWAYS_SEARCH_USER_PATHS = NO;
				CLANG_ANALYZER_NONNULL = YES;
				CLANG_ANALYZER_NUMBER_OBJECT_CONVERSION = YES_AGGRESSIVE;
				CLANG_CXX_LANGUAGE_STANDARD = "gnu++14";
				CLANG_CXX_LIBRARY = "libc++";
				CLANG_ENABLE_MODULES = YES;
				CLANG_ENABLE_OBJC_ARC = YES;
				CLANG_ENABLE_OBJC_WEAK = YES;
				CLANG_WARN_BLOCK_CAPTURE_AUTORELEASING = YES;
				CLANG_WARN_BOOL_CONVERSION = YES;
				CLANG_WARN_COMMA = YES;
				CLANG_WARN_CONSTANT_CONVERSION = YES;
				CLANG_WARN_DEPRECATED_OBJC_IMPLEMENTATIONS = YES;
				CLANG_WARN_DIRECT_OBJC_ISA_USAGE = YES_ERROR;
				CLANG_WARN_DOCUMENTATION_COMMENTS = YES;
				CLANG_WARN_EMPTY_BODY = YES;
				CLANG_WARN_ENUM_CONVERSION = YES;
				CLANG_WARN_INFINITE_RECURSION = YES;
				CLANG_WARN_INT_CONVERSION = YES;
				CLANG_WARN_NON_LITERAL_NULL_CONVERSION = YES;
				CLANG_WARN_OBJC_IMPLICIT_RETAIN_SELF = YES;
				CLANG_WARN_OBJC_LITERAL_CONVERSION = YES;
				CLANG_WARN_OBJC_ROOT_CLASS = YES_ERROR;
				CLANG_WARN_RANGE_LOOP_ANALYSIS = YES;
				CLANG_WARN_STRICT_PROTOTYPES = YES;
				CLANG_WARN_SUSPICIOUS_MOVE = YES;
				CLANG_WARN_UNGUARDED_AVAILABILITY = YES_AGGRESSIVE;
				CLANG_WARN_UNREACHABLE_CODE = YES;
				CLANG_WARN__DUPLICATE_METHOD_MATCH = YES;
				COPY_PHASE_STRIP = NO;
				DEBUG_INFORMATION_FORMAT = "dwarf-with-dsym";
				ENABLE_NS_ASSERTIONS = NO;
				ENABLE_STRICT_OBJC_MSGSEND = YES;
				GCC_C_LANGUAGE_STANDARD = gnu11;
				GCC_NO_COMMON_BLOCKS = YES;
				GCC_WARN_64_TO_32_BIT_CONVERSION = YES;
				GCC_WARN_ABOUT_RETURN_TYPE = YES_ERROR;
				GCC_WARN_UNDECLARED_SELECTOR = YES;
				GCC_WARN_UNINITIALIZED_AUTOS = YES_AGGRESSIVE;
				GCC_WARN_UNUSED_FUNCTION = YES;
				GCC_WARN_UNUSED_VARIABLE = YES;
				IPHONEOS_DEPLOYMENT_TARGET = 13.2;
				MTL_ENABLE_DEBUG_INFO = NO;
				MTL_FAST_MATH = YES;
				SDKROOT = iphoneos;
				SWIFT_COMPILATION_MODE = wholemodule;
				SWIFT_OPTIMIZATION_LEVEL = "-O";
				VALIDATE_PRODUCT = YES;
			};
			name = Release;
		};
		F125582923FF807000CAF125 /* Debug */ = {
			isa = XCBuildConfiguration;
			buildSettings = {
				ASSETCATALOG_COMPILER_APPICON_NAME = AppIcon;
				CODE_SIGN_STYLE = Automatic;
				INFOPLIST_FILE = Parstagram/Info.plist;
				LD_RUNPATH_SEARCH_PATHS = (
					"$(inherited)",
					"@executable_path/Frameworks",
				);
				PRODUCT_BUNDLE_IDENTIFIER = VE.Parstagram;
				PRODUCT_NAME = "$(TARGET_NAME)";
				SWIFT_VERSION = 5.0;
				TARGETED_DEVICE_FAMILY = "1,2";
			};
			name = Debug;
		};
		F125582A23FF807000CAF125 /* Release */ = {
			isa = XCBuildConfiguration;
			buildSettings = {
				ASSETCATALOG_COMPILER_APPICON_NAME = AppIcon;
				CODE_SIGN_STYLE = Automatic;
				INFOPLIST_FILE = Parstagram/Info.plist;
				LD_RUNPATH_SEARCH_PATHS = (
					"$(inherited)",
					"@executable_path/Frameworks",
				);
				PRODUCT_BUNDLE_IDENTIFIER = VE.Parstagram;
				PRODUCT_NAME = "$(TARGET_NAME)";
				SWIFT_VERSION = 5.0;
				TARGETED_DEVICE_FAMILY = "1,2";
			};
			name = Release;
		};
		F125582C23FF807000CAF125 /* Debug */ = {
			isa = XCBuildConfiguration;
			buildSettings = {
				ALWAYS_EMBED_SWIFT_STANDARD_LIBRARIES = YES;
				BUNDLE_LOADER = "$(TEST_HOST)";
				CODE_SIGN_STYLE = Automatic;
				INFOPLIST_FILE = ParstagramTests/Info.plist;
				IPHONEOS_DEPLOYMENT_TARGET = 13.2;
				LD_RUNPATH_SEARCH_PATHS = (
					"$(inherited)",
					"@executable_path/Frameworks",
					"@loader_path/Frameworks",
				);
				PRODUCT_BUNDLE_IDENTIFIER = VE.ParstagramTests;
				PRODUCT_NAME = "$(TARGET_NAME)";
				SWIFT_VERSION = 5.0;
				TARGETED_DEVICE_FAMILY = "1,2";
				TEST_HOST = "$(BUILT_PRODUCTS_DIR)/Parstagram.app/Parstagram";
			};
			name = Debug;
		};
		F125582D23FF807000CAF125 /* Release */ = {
			isa = XCBuildConfiguration;
			buildSettings = {
				ALWAYS_EMBED_SWIFT_STANDARD_LIBRARIES = YES;
				BUNDLE_LOADER = "$(TEST_HOST)";
				CODE_SIGN_STYLE = Automatic;
				INFOPLIST_FILE = ParstagramTests/Info.plist;
				IPHONEOS_DEPLOYMENT_TARGET = 13.2;
				LD_RUNPATH_SEARCH_PATHS = (
					"$(inherited)",
					"@executable_path/Frameworks",
					"@loader_path/Frameworks",
				);
				PRODUCT_BUNDLE_IDENTIFIER = VE.ParstagramTests;
				PRODUCT_NAME = "$(TARGET_NAME)";
				SWIFT_VERSION = 5.0;
				TARGETED_DEVICE_FAMILY = "1,2";
				TEST_HOST = "$(BUILT_PRODUCTS_DIR)/Parstagram.app/Parstagram";
			};
			name = Release;
		};
		F125582F23FF807000CAF125 /* Debug */ = {
			isa = XCBuildConfiguration;
			buildSettings = {
				ALWAYS_EMBED_SWIFT_STANDARD_LIBRARIES = YES;
				CODE_SIGN_STYLE = Automatic;
				INFOPLIST_FILE = ParstagramUITests/Info.plist;
				LD_RUNPATH_SEARCH_PATHS = (
					"$(inherited)",
					"@executable_path/Frameworks",
					"@loader_path/Frameworks",
				);
				PRODUCT_BUNDLE_IDENTIFIER = VE.ParstagramUITests;
				PRODUCT_NAME = "$(TARGET_NAME)";
				SWIFT_VERSION = 5.0;
				TARGETED_DEVICE_FAMILY = "1,2";
				TEST_TARGET_NAME = Parstagram;
			};
			name = Debug;
		};
		F125583023FF807000CAF125 /* Release */ = {
			isa = XCBuildConfiguration;
			buildSettings = {
				ALWAYS_EMBED_SWIFT_STANDARD_LIBRARIES = YES;
				CODE_SIGN_STYLE = Automatic;
				INFOPLIST_FILE = ParstagramUITests/Info.plist;
				LD_RUNPATH_SEARCH_PATHS = (
					"$(inherited)",
					"@executable_path/Frameworks",
					"@loader_path/Frameworks",
				);
				PRODUCT_BUNDLE_IDENTIFIER = VE.ParstagramUITests;
				PRODUCT_NAME = "$(TARGET_NAME)";
				SWIFT_VERSION = 5.0;
				TARGETED_DEVICE_FAMILY = "1,2";
				TEST_TARGET_NAME = Parstagram;
			};
			name = Release;
		};
/* End XCBuildConfiguration section */

/* Begin XCConfigurationList section */
		F12557F923FF806F00CAF125 /* Build configuration list for PBXProject "Parstagram" */ = {
			isa = XCConfigurationList;
			buildConfigurations = (
				F125582623FF807000CAF125 /* Debug */,
				F125582723FF807000CAF125 /* Release */,
			);
			defaultConfigurationIsVisible = 0;
			defaultConfigurationName = Release;
		};
		F125582823FF807000CAF125 /* Build configuration list for PBXNativeTarget "Parstagram" */ = {
			isa = XCConfigurationList;
			buildConfigurations = (
				F125582923FF807000CAF125 /* Debug */,
				F125582A23FF807000CAF125 /* Release */,
			);
			defaultConfigurationIsVisible = 0;
			defaultConfigurationName = Release;
		};
		F125582B23FF807000CAF125 /* Build configuration list for PBXNativeTarget "ParstagramTests" */ = {
			isa = XCConfigurationList;
			buildConfigurations = (
				F125582C23FF807000CAF125 /* Debug */,
				F125582D23FF807000CAF125 /* Release */,
			);
			defaultConfigurationIsVisible = 0;
			defaultConfigurationName = Release;
		};
		F125582E23FF807000CAF125 /* Build configuration list for PBXNativeTarget "ParstagramUITests" */ = {
			isa = XCConfigurationList;
			buildConfigurations = (
				F125582F23FF807000CAF125 /* Debug */,
				F125583023FF807000CAF125 /* Release */,
			);
			defaultConfigurationIsVisible = 0;
			defaultConfigurationName = Release;
		};
/* End XCConfigurationList section */
	};
	rootObject = F12557F623FF806F00CAF125 /* Project object */;
}
